
Microsoft Visual Studio Solution File, Format Version 12.00
# Visual Studio Version 16
VisualStudioVersion = 16.0.32228.343
MinimumVisualStudioVersion = 10.0.40219.1
Project("{FAE04EC0-301F-11D3-BF4B-00C04F79EFBC}") = "SimpleCalculator", "SimpleCalculator\SimpleCalculator.csproj", "{A5687504-C71C-47DF-B096-C58649EC0DB4}"
EndProject
Global
	GlobalSection(SolutionConfigurationPlatforms) = preSolution
		Debug|Any CPU = Debug|Any CPU
		Release|Any CPU = Release|Any CPU
	EndGlobalSection
	GlobalSection(ProjectConfigurationPlatforms) = postSolution
		{A5687504-C71C-47DF-B096-C58649EC0DB4}.Debug|Any CPU.ActiveCfg = Debug|Any CPU
		{A5687504-C71C-47DF-B096-C58649EC0DB4}.Debug|Any CPU.Build.0 = Debug|Any CPU
		{A5687504-C71C-47DF-B096-C58649EC0DB4}.Release|Any CPU.ActiveCfg = Release|Any CPU
		{A5687504-C71C-47DF-B096-C58649EC0DB4}.Release|Any CPU.Build.0 = Release|Any CPU
	EndGlobalSection
	GlobalSection(SolutionProperties) = preSolution
		HideSolutionNode = FALSE
	EndGlobalSection
	GlobalSection(ExtensibilityGlobals) = postSolution
		SolutionGuid = {2BB2ACE8-A193-4A92-B28F-4B6A4CE8C4B4}
	EndGlobalSection
EndGlobal
