
Microsoft Visual Studio Solution File, Format Version 12.00
# Visual Studio Version 16
VisualStudioVersion = 16.0.32228.343
MinimumVisualStudioVersion = 10.0.40219.1
Project("{FAE04EC0-301F-11D3-BF4B-00C04F79EFBC}") = "FactorialEg", "FactorialEg\FactorialEg.csproj", "{48291337-2056-4319-AB3E-CFAF67925484}"
EndProject
Global
	GlobalSection(SolutionConfigurationPlatforms) = preSolution
		Debug|Any CPU = Debug|Any CPU
		Release|Any CPU = Release|Any CPU
	EndGlobalSection
	GlobalSection(ProjectConfigurationPlatforms) = postSolution
		{48291337-2056-4319-AB3E-CFAF67925484}.Debug|Any CPU.ActiveCfg = Debug|Any CPU
		{48291337-2056-4319-AB3E-CFAF67925484}.Debug|Any CPU.Build.0 = Debug|Any CPU
		{48291337-2056-4319-AB3E-CFAF67925484}.Release|Any CPU.ActiveCfg = Release|Any CPU
		{48291337-2056-4319-AB3E-CFAF67925484}.Release|Any CPU.Build.0 = Release|Any CPU
	EndGlobalSection
	GlobalSection(SolutionProperties) = preSolution
		HideSolutionNode = FALSE
	EndGlobalSection
	GlobalSection(ExtensibilityGlobals) = postSolution
		SolutionGuid = {62C7CAFB-584B-4EAB-9996-130E7DC8D4C8}
	EndGlobalSection
EndGlobal
