
Microsoft Visual Studio Solution File, Format Version 12.00
# Visual Studio Version 16
VisualStudioVersion = 16.0.32228.343
MinimumVisualStudioVersion = 10.0.40219.1
Project("{FAE04EC0-301F-11D3-BF4B-00C04F79EFBC}") = "FizzBuzzEg", "FizzBuzzEg\FizzBuzzEg.csproj", "{29A0E082-9140-420C-96CF-9337EB065955}"
EndProject
Global
	GlobalSection(SolutionConfigurationPlatforms) = preSolution
		Debug|Any CPU = Debug|Any CPU
		Release|Any CPU = Release|Any CPU
	EndGlobalSection
	GlobalSection(ProjectConfigurationPlatforms) = postSolution
		{29A0E082-9140-420C-96CF-9337EB065955}.Debug|Any CPU.ActiveCfg = Debug|Any CPU
		{29A0E082-9140-420C-96CF-9337EB065955}.Debug|Any CPU.Build.0 = Debug|Any CPU
		{29A0E082-9140-420C-96CF-9337EB065955}.Release|Any CPU.ActiveCfg = Release|Any CPU
		{29A0E082-9140-420C-96CF-9337EB065955}.Release|Any CPU.Build.0 = Release|Any CPU
	EndGlobalSection
	GlobalSection(SolutionProperties) = preSolution
		HideSolutionNode = FALSE
	EndGlobalSection
	GlobalSection(ExtensibilityGlobals) = postSolution
		SolutionGuid = {665DF7B1-782B-4549-8934-4FD31B4261B1}
	EndGlobalSection
EndGlobal
